
Microsoft Visual Studio Solution File, Format Version 12.00
# Visual Studio 15
VisualStudioVersion = 15.0.28010.2048
MinimumVisualStudioVersion = 10.0.40219.1
Project("{FAE04EC0-301F-11D3-BF4B-00C04F79EFBC}") = "Hesaplama", "Hesaplama\Hesaplama.csproj", "{F70920F7-F5C9-44D1-A234-EB899B796085}"
EndProject
Project("{FAE04EC0-301F-11D3-BF4B-00C04F79EFBC}") = "HesapMakinesi", "HesapMakinesi\HesapMakinesi.csproj", "{405CC1C3-E104-41FD-9D90-BBF1BA4BC0B1}"
EndProject
Global
	GlobalSection(SolutionConfigurationPlatforms) = preSolution
		Debug|Any CPU = Debug|Any CPU
		Release|Any CPU = Release|Any CPU
	EndGlobalSection
	GlobalSection(ProjectConfigurationPlatforms) = postSolution
		{F70920F7-F5C9-44D1-A234-EB899B796085}.Debug|Any CPU.ActiveCfg = Debug|Any CPU
		{F70920F7-F5C9-44D1-A234-EB899B796085}.Debug|Any CPU.Build.0 = Debug|Any CPU
		{F70920F7-F5C9-44D1-A234-EB899B796085}.Release|Any CPU.ActiveCfg = Release|Any CPU
		{F70920F7-F5C9-44D1-A234-EB899B796085}.Release|Any CPU.Build.0 = Release|Any CPU
		{405CC1C3-E104-41FD-9D90-BBF1BA4BC0B1}.Debug|Any CPU.ActiveCfg = Debug|Any CPU
		{405CC1C3-E104-41FD-9D90-BBF1BA4BC0B1}.Debug|Any CPU.Build.0 = Debug|Any CPU
		{405CC1C3-E104-41FD-9D90-BBF1BA4BC0B1}.Release|Any CPU.ActiveCfg = Release|Any CPU
		{405CC1C3-E104-41FD-9D90-BBF1BA4BC0B1}.Release|Any CPU.Build.0 = Release|Any CPU
	EndGlobalSection
	GlobalSection(SolutionProperties) = preSolution
		HideSolutionNode = FALSE
	EndGlobalSection
	GlobalSection(ExtensibilityGlobals) = postSolution
		SolutionGuid = {A51EA256-CA00-4FD8-9A04-8CC92EE25857}
	EndGlobalSection
EndGlobal
